// !$*UTF8*$!
{
	archiveVersion = 1;
	classes = {
	};
	objectVersion = 56;
	objects = {

/* Begin PBXBuildFile section */
		863CF9802A3B765100B46BFE /* WeSplitterApp.swift in Sources */ = {isa = PBXBuildFile; fileRef = 863CF97F2A3B765100B46BFE /* WeSplitterApp.swift */; };
		863CF9822A3B765100B46BFE /* ContentView.swift in Sources */ = {isa = PBXBuildFile; fileRef = 863CF9812A3B765100B46BFE /* ContentView.swift */; };
		863CF9842A3B765300B46BFE /* Assets.xcassets in Resources */ = {isa = PBXBuildFile; fileRef = 863CF9832A3B765300B46BFE /* Assets.xcassets */; };
		863CF9872A3B765300B46BFE /* Preview Assets.xcassets in Resources */ = {isa = PBXBuildFile; fileRef = 863CF9862A3B765300B46BFE /* Preview Assets.xcassets */; };
		863CF9912A3B765300B46BFE /* WeSplitterTests.swift in Sources */ = {isa = PBXBuildFile; fileRef = 863CF9902A3B765300B46BFE /* WeSplitterTests.swift */; };
		863CF99B2A3B765300B46BFE /* WeSplitterUITests.swift in Sources */ = {isa = PBXBuildFile; fileRef = 863CF99A2A3B765300B46BFE /* WeSplitterUITests.swift */; };
		863CF99D2A3B765300B46BFE /* WeSplitterUITestsLaunchTests.swift in Sources */ = {isa = PBXBuildFile; fileRef = 863CF99C2A3B765300B46BFE /* WeSplitterUITestsLaunchTests.swift */; };
/* End PBXBuildFile section */

/* Begin PBXContainerItemProxy section */
		863CF98D2A3B765300B46BFE /* PBXContainerItemProxy */ = {
			isa = PBXContainerItemProxy;
			containerPortal = 863CF9742A3B765100B46BFE /* Project object */;
			proxyType = 1;
			remoteGlobalIDString = 863CF97B2A3B765100B46BFE;
			remoteInfo = WeSplitter;
		};
		863CF9972A3B765300B46BFE /* PBXContainerItemProxy */ = {
			isa = PBXContainerItemProxy;
			containerPortal = 863CF9742A3B765100B46BFE /* Project object */;
			proxyType = 1;
			remoteGlobalIDString = 863CF97B2A3B765100B46BFE;
			remoteInfo = WeSplitter;
		};
/* End PBXContainerItemProxy section */

/* Begin PBXFileReference section */
		863CF97C2A3B765100B46BFE /* WeSplitter.app */ = {isa = PBXFileReference; explicitFileType = wrapper.application; includeInIndex = 0; path = WeSplitter.app; sourceTree = BUILT_PRODUCTS_DIR; };
		863CF97F2A3B765100B46BFE /* WeSplitterApp.swift */ = {isa = PBXFileReference; lastKnownFileType = sourcecode.swift; path = WeSplitterApp.swift; sourceTree = "<group>"; };
		863CF9812A3B765100B46BFE /* ContentView.swift */ = {isa = PBXFileReference; lastKnownFileType = sourcecode.swift; path = ContentView.swift; sourceTree = "<group>"; };
		863CF9832A3B765300B46BFE /* Assets.xcassets */ = {isa = PBXFileReference; lastKnownFileType = folder.assetcatalog; path = Assets.xcassets; sourceTree = "<group>"; };
		863CF9862A3B765300B46BFE /* Preview Assets.xcassets */ = {isa = PBXFileReference; lastKnownFileType = folder.assetcatalog; path = "Preview Assets.xcassets"; sourceTree = "<group>"; };
		863CF98C2A3B765300B46BFE /* WeSplitterTests.xctest */ = {isa = PBXFileReference; explicitFileType = wrapper.cfbundle; includeInIndex = 0; path = WeSplitterTests.xctest; sourceTree = BUILT_PRODUCTS_DIR; };
		863CF9902A3B765300B46BFE /* WeSplitterTests.swift */ = {isa = PBXFileReference; lastKnownFileType = sourcecode.swift; path = WeSplitterTests.swift; sourceTree = "<group>"; };
		863CF9962A3B765300B46BFE /* WeSplitterUITests.xctest */ = {isa = PBXFileReference; explicitFileType = wrapper.cfbundle; includeInIndex = 0; path = WeSplitterUITests.xctest; sourceTree = BUILT_PRODUCTS_DIR; };
		863CF99A2A3B765300B46BFE /* WeSplitterUITests.swift */ = {isa = PBXFileReference; lastKnownFileType = sourcecode.swift; path = WeSplitterUITests.swift; sourceTree = "<group>"; };
		863CF99C2A3B765300B46BFE /* WeSplitterUITestsLaunchTests.swift */ = {isa = PBXFileReference; lastKnownFileType = sourcecode.swift; path = WeSplitterUITestsLaunchTests.swift; sourceTree = "<group>"; };
/* End PBXFileReference section */

/* Begin PBXFrameworksBuildPhase section */
		863CF9792A3B765100B46BFE /* Frameworks */ = {
			isa = PBXFrameworksBuildPhase;
			buildActionMask = 2147483647;
			files = (
			);
			runOnlyForDeploymentPostprocessing = 0;
		};
		863CF9892A3B765300B46BFE /* Frameworks */ = {
			isa = PBXFrameworksBuildPhase;
			buildActionMask = 2147483647;
			files = (
			);
			runOnlyForDeploymentPostprocessing = 0;
		};
		863CF9932A3B765300B46BFE /* Frameworks */ = {
			isa = PBXFrameworksBuildPhase;
			buildActionMask = 2147483647;
			files = (
			);
			runOnlyForDeploymentPostprocessing = 0;
		};
/* End PBXFrameworksBuildPhase section */

/* Begin PBXGroup section */
		863CF9732A3B765100B46BFE = {
			isa = PBXGroup;
			children = (
				863CF97E2A3B765100B46BFE /* WeSplitter */,
				863CF98F2A3B765300B46BFE /* WeSplitterTests */,
				863CF9992A3B765300B46BFE /* WeSplitterUITests */,
				863CF97D2A3B765100B46BFE /* Products */,
			);
			sourceTree = "<group>";
		};
		863CF97D2A3B765100B46BFE /* Products */ = {
			isa = PBXGroup;
			children = (
				863CF97C2A3B765100B46BFE /* WeSplitter.app */,
				863CF98C2A3B765300B46BFE /* WeSplitterTests.xctest */,
				863CF9962A3B765300B46BFE /* WeSplitterUITests.xctest */,
			);
			name = Products;
			sourceTree = "<group>";
		};
		863CF97E2A3B765100B46BFE /* WeSplitter */ = {
			isa = PBXGroup;
			children = (
				863CF97F2A3B765100B46BFE /* WeSplitterApp.swift */,
				863CF9812A3B765100B46BFE /* ContentView.swift */,
				863CF9832A3B765300B46BFE /* Assets.xcassets */,
				863CF9852A3B765300B46BFE /* Preview Content */,
			);
			path = WeSplitter;
			sourceTree = "<group>";
		};
		863CF9852A3B765300B46BFE /* Preview Content */ = {
			isa = PBXGroup;
			children = (
				863CF9862A3B765300B46BFE /* Preview Assets.xcassets */,
			);
			path = "Preview Content";
			sourceTree = "<group>";
		};
		863CF98F2A3B765300B46BFE /* WeSplitterTests */ = {
			isa = PBXGroup;
			children = (
				863CF9902A3B765300B46BFE /* WeSplitterTests.swift */,
			);
			path = WeSplitterTests;
			sourceTree = "<group>";
		};
		863CF9992A3B765300B46BFE /* WeSplitterUITests */ = {
			isa = PBXGroup;
			children = (
				863CF99A2A3B765300B46BFE /* WeSplitterUITests.swift */,
				863CF99C2A3B765300B46BFE /* WeSplitterUITestsLaunchTests.swift */,
			);
			path = WeSplitterUITests;
			sourceTree = "<group>";
		};
/* End PBXGroup section */

/* Begin PBXNativeTarget section */
		863CF97B2A3B765100B46BFE /* WeSplitter */ = {
			isa = PBXNativeTarget;
			buildConfigurationList = 863CF9A02A3B765300B46BFE /* Build configuration list for PBXNativeTarget "WeSplitter" */;
			buildPhases = (
				863CF9782A3B765100B46BFE /* Sources */,
				863CF9792A3B765100B46BFE /* Frameworks */,
				863CF97A2A3B765100B46BFE /* Resources */,
			);
			buildRules = (
			);
			dependencies = (
			);
			name = WeSplitter;
			productName = WeSplitter;
			productReference = 863CF97C2A3B765100B46BFE /* WeSplitter.app */;
			productType = "com.apple.product-type.application";
		};
		863CF98B2A3B765300B46BFE /* WeSplitterTests */ = {
			isa = PBXNativeTarget;
			buildConfigurationList = 863CF9A32A3B765300B46BFE /* Build configuration list for PBXNativeTarget "WeSplitterTests" */;
			buildPhases = (
				863CF9882A3B765300B46BFE /* Sources */,
				863CF9892A3B765300B46BFE /* Frameworks */,
				863CF98A2A3B765300B46BFE /* Resources */,
			);
			buildRules = (
			);
			dependencies = (
				863CF98E2A3B765300B46BFE /* PBXTargetDependency */,
			);
			name = WeSplitterTests;
			productName = WeSplitterTests;
			productReference = 863CF98C2A3B765300B46BFE /* WeSplitterTests.xctest */;
			productType = "com.apple.product-type.bundle.unit-test";
		};
		863CF9952A3B765300B46BFE /* WeSplitterUITests */ = {
			isa = PBXNativeTarget;
			buildConfigurationList = 863CF9A62A3B765300B46BFE /* Build configuration list for PBXNativeTarget "WeSplitterUITests" */;
			buildPhases = (
				863CF9922A3B765300B46BFE /* Sources */,
				863CF9932A3B765300B46BFE /* Frameworks */,
				863CF9942A3B765300B46BFE /* Resources */,
			);
			buildRules = (
			);
			dependencies = (
				863CF9982A3B765300B46BFE /* PBXTargetDependency */,
			);
			name = WeSplitterUITests;
			productName = WeSplitterUITests;
			productReference = 863CF9962A3B765300B46BFE /* WeSplitterUITests.xctest */;
			productType = "com.apple.product-type.bundle.ui-testing";
		};
/* End PBXNativeTarget section */

/* Begin PBXProject section */
		863CF9742A3B765100B46BFE /* Project object */ = {
			isa = PBXProject;
			attributes = {
				BuildIndependentTargetsInParallel = 1;
				LastSwiftUpdateCheck = 1430;
				LastUpgradeCheck = 1430;
				TargetAttributes = {
					863CF97B2A3B765100B46BFE = {
						CreatedOnToolsVersion = 14.3.1;
					};
					863CF98B2A3B765300B46BFE = {
						CreatedOnToolsVersion = 14.3.1;
						TestTargetID = 863CF97B2A3B765100B46BFE;
					};
					863CF9952A3B765300B46BFE = {
						CreatedOnToolsVersion = 14.3.1;
						TestTargetID = 863CF97B2A3B765100B46BFE;
					};
				};
			};
			buildConfigurationList = 863CF9772A3B765100B46BFE /* Build configuration list for PBXProject "WeSplitter" */;
			compatibilityVersion = "Xcode 14.0";
			developmentRegion = en;
			hasScannedForEncodings = 0;
			knownRegions = (
				en,
				Base,
			);
			mainGroup = 863CF9732A3B765100B46BFE;
			productRefGroup = 863CF97D2A3B765100B46BFE /* Products */;
			projectDirPath = "";
			projectRoot = "";
			targets = (
				863CF97B2A3B765100B46BFE /* WeSplitter */,
				863CF98B2A3B765300B46BFE /* WeSplitterTests */,
				863CF9952A3B765300B46BFE /* WeSplitterUITests */,
			);
		};
/* End PBXProject section */

/* Begin PBXResourcesBuildPhase section */
		863CF97A2A3B765100B46BFE /* Resources */ = {
			isa = PBXResourcesBuildPhase;
			buildActionMask = 2147483647;
			files = (
				863CF9872A3B765300B46BFE /* Preview Assets.xcassets in Resources */,
				863CF9842A3B765300B46BFE /* Assets.xcassets in Resources */,
			);
			runOnlyForDeploymentPostprocessing = 0;
		};
		863CF98A2A3B765300B46BFE /* Resources */ = {
			isa = PBXResourcesBuildPhase;
			buildActionMask = 2147483647;
			files = (
			);
			runOnlyForDeploymentPostprocessing = 0;
		};
		863CF9942A3B765300B46BFE /* Resources */ = {
			isa = PBXResourcesBuildPhase;
			buildActionMask = 2147483647;
			files = (
			);
			runOnlyForDeploymentPostprocessing = 0;
		};
/* End PBXResourcesBuildPhase section */

/* Begin PBXSourcesBuildPhase section */
		863CF9782A3B765100B46BFE /* Sources */ = {
			isa = PBXSourcesBuildPhase;
			buildActionMask = 2147483647;
			files = (
				863CF9822A3B765100B46BFE /* ContentView.swift in Sources */,
				863CF9802A3B765100B46BFE /* WeSplitterApp.swift in Sources */,
			);
			runOnlyForDeploymentPostprocessing = 0;
		};
		863CF9882A3B765300B46BFE /* Sources */ = {
			isa = PBXSourcesBuildPhase;
			buildActionMask = 2147483647;
			files = (
				863CF9912A3B765300B46BFE /* WeSplitterTests.swift in Sources */,
			);
			runOnlyForDeploymentPostprocessing = 0;
		};
		863CF9922A3B765300B46BFE /* Sources */ = {
			isa = PBXSourcesBuildPhase;
			buildActionMask = 2147483647;
			files = (
				863CF99B2A3B765300B46BFE /* WeSplitterUITests.swift in Sources */,
				863CF99D2A3B765300B46BFE /* WeSplitterUITestsLaunchTests.swift in Sources */,
			);
			runOnlyForDeploymentPostprocessing = 0;
		};
/* End PBXSourcesBuildPhase section */

/* Begin PBXTargetDependency section */
		863CF98E2A3B765300B46BFE /* PBXTargetDependency */ = {
			isa = PBXTargetDependency;
			target = 863CF97B2A3B765100B46BFE /* WeSplitter */;
			targetProxy = 863CF98D2A3B765300B46BFE /* PBXContainerItemProxy */;
		};
		863CF9982A3B765300B46BFE /* PBXTargetDependency */ = {
			isa = PBXTargetDependency;
			target = 863CF97B2A3B765100B46BFE /* WeSplitter */;
			targetProxy = 863CF9972A3B765300B46BFE /* PBXContainerItemProxy */;
		};
/* End PBXTargetDependency section */

/* Begin XCBuildConfiguration section */
		863CF99E2A3B765300B46BFE /* Debug */ = {
			isa = XCBuildConfiguration;
			buildSettings = {
				ALWAYS_SEARCH_USER_PATHS = NO;
				CLANG_ANALYZER_NONNULL = YES;
				CLANG_ANALYZER_NUMBER_OBJECT_CONVERSION = YES_AGGRESSIVE;
				CLANG_CXX_LANGUAGE_STANDARD = "gnu++20";
				CLANG_ENABLE_MODULES = YES;
				CLANG_ENABLE_OBJC_ARC = YES;
				CLANG_ENABLE_OBJC_WEAK = YES;
				CLANG_WARN_BLOCK_CAPTURE_AUTORELEASING = YES;
				CLANG_WARN_BOOL_CONVERSION = YES;
				CLANG_WARN_COMMA = YES;
				CLANG_WARN_CONSTANT_CONVERSION = YES;
				CLANG_WARN_DEPRECATED_OBJC_IMPLEMENTATIONS = YES;
				CLANG_WARN_DIRECT_OBJC_ISA_USAGE = YES_ERROR;
				CLANG_WARN_DOCUMENTATION_COMMENTS = YES;
				CLANG_WARN_EMPTY_BODY = YES;
				CLANG_WARN_ENUM_CONVERSION = YES;
				CLANG_WARN_INFINITE_RECURSION = YES;
				CLANG_WARN_INT_CONVERSION = YES;
				CLANG_WARN_NON_LITERAL_NULL_CONVERSION = YES;
				CLANG_WARN_OBJC_IMPLICIT_RETAIN_SELF = YES;
				CLANG_WARN_OBJC_LITERAL_CONVERSION = YES;
				CLANG_WARN_OBJC_ROOT_CLASS = YES_ERROR;
				CLANG_WARN_QUOTED_INCLUDE_IN_FRAMEWORK_HEADER = YES;
				CLANG_WARN_RANGE_LOOP_ANALYSIS = YES;
				CLANG_WARN_STRICT_PROTOTYPES = YES;
				CLANG_WARN_SUSPICIOUS_MOVE = YES;
				CLANG_WARN_UNGUARDED_AVAILABILITY = YES_AGGRESSIVE;
				CLANG_WARN_UNREACHABLE_CODE = YES;
				CLANG_WARN__DUPLICATE_METHOD_MATCH = YES;
				COPY_PHASE_STRIP = NO;
				DEBUG_INFORMATION_FORMAT = dwarf;
				ENABLE_STRICT_OBJC_MSGSEND = YES;
				ENABLE_TESTABILITY = YES;
				GCC_C_LANGUAGE_STANDARD = gnu11;
				GCC_DYNAMIC_NO_PIC = NO;
				GCC_NO_COMMON_BLOCKS = YES;
				GCC_OPTIMIZATION_LEVEL = 0;
				GCC_PREPROCESSOR_DEFINITIONS = (
					"DEBUG=1",
					"$(inherited)",
				);
				GCC_WARN_64_TO_32_BIT_CONVERSION = YES;
				GCC_WARN_ABOUT_RETURN_TYPE = YES_ERROR;
				GCC_WARN_UNDECLARED_SELECTOR = YES;
				GCC_WARN_UNINITIALIZED_AUTOS = YES_AGGRESSIVE;
				GCC_WARN_UNUSED_FUNCTION = YES;
				GCC_WARN_UNUSED_VARIABLE = YES;
				IPHONEOS_DEPLOYMENT_TARGET = 16.4;
				MTL_ENABLE_DEBUG_INFO = INCLUDE_SOURCE;
				MTL_FAST_MATH = YES;
				ONLY_ACTIVE_ARCH = YES;
				SDKROOT = iphoneos;
				SWIFT_ACTIVE_COMPILATION_CONDITIONS = DEBUG;
				SWIFT_OPTIMIZATION_LEVEL = "-Onone";
			};
			name = Debug;
		};
		863CF99F2A3B765300B46BFE /* Release */ = {
			isa = XCBuildConfiguration;
			buildSettings = {
				ALWAYS_SEARCH_USER_PATHS = NO;
				CLANG_ANALYZER_NONNULL = YES;
				CLANG_ANALYZER_NUMBER_OBJECT_CONVERSION = YES_AGGRESSIVE;
				CLANG_CXX_LANGUAGE_STANDARD = "gnu++20";
				CLANG_ENABLE_MODULES = YES;
				CLANG_ENABLE_OBJC_ARC = YES;
				CLANG_ENABLE_OBJC_WEAK = YES;
				CLANG_WARN_BLOCK_CAPTURE_AUTORELEASING = YES;
				CLANG_WARN_BOOL_CONVERSION = YES;
				CLANG_WARN_COMMA = YES;
				CLANG_WARN_CONSTANT_CONVERSION = YES;
				CLANG_WARN_DEPRECATED_OBJC_IMPLEMENTATIONS = YES;
				CLANG_WARN_DIRECT_OBJC_ISA_USAGE = YES_ERROR;
				CLANG_WARN_DOCUMENTATION_COMMENTS = YES;
				CLANG_WARN_EMPTY_BODY = YES;
				CLANG_WARN_ENUM_CONVERSION = YES;
				CLANG_WARN_INFINITE_RECURSION = YES;
				CLANG_WARN_INT_CONVERSION = YES;
				CLANG_WARN_NON_LITERAL_NULL_CONVERSION = YES;
				CLANG_WARN_OBJC_IMPLICIT_RETAIN_SELF = YES;
				CLANG_WARN_OBJC_LITERAL_CONVERSION = YES;
				CLANG_WARN_OBJC_ROOT_CLASS = YES_ERROR;
				CLANG_WARN_QUOTED_INCLUDE_IN_FRAMEWORK_HEADER = YES;
				CLANG_WARN_RANGE_LOOP_ANALYSIS = YES;
				CLANG_WARN_STRICT_PROTOTYPES = YES;
				CLANG_WARN_SUSPICIOUS_MOVE = YES;
				CLANG_WARN_UNGUARDED_AVAILABILITY = YES_AGGRESSIVE;
				CLANG_WARN_UNREACHABLE_CODE = YES;
				CLANG_WARN__DUPLICATE_METHOD_MATCH = YES;
				COPY_PHASE_STRIP = NO;
				DEBUG_INFORMATION_FORMAT = "dwarf-with-dsym";
				ENABLE_NS_ASSERTIONS = NO;
				ENABLE_STRICT_OBJC_MSGSEND = YES;
				GCC_C_LANGUAGE_STANDARD = gnu11;
				GCC_NO_COMMON_BLOCKS = YES;
				GCC_WARN_64_TO_32_BIT_CONVERSION = YES;
				GCC_WARN_ABOUT_RETURN_TYPE = YES_ERROR;
				GCC_WARN_UNDECLARED_SELECTOR = YES;
				GCC_WARN_UNINITIALIZED_AUTOS = YES_AGGRESSIVE;
				GCC_WARN_UNUSED_FUNCTION = YES;
				GCC_WARN_UNUSED_VARIABLE = YES;
				IPHONEOS_DEPLOYMENT_TARGET = 16.4;
				MTL_ENABLE_DEBUG_INFO = NO;
				MTL_FAST_MATH = YES;
				SDKROOT = iphoneos;
				SWIFT_COMPILATION_MODE = wholemodule;
				SWIFT_OPTIMIZATION_LEVEL = "-O";
				VALIDATE_PRODUCT = YES;
			};
			name = Release;
		};
		863CF9A12A3B765300B46BFE /* Debug */ = {
			isa = XCBuildConfiguration;
			buildSettings = {
				ASSETCATALOG_COMPILER_APPICON_NAME = AppIcon;
				ASSETCATALOG_COMPILER_GLOBAL_ACCENT_COLOR_NAME = AccentColor;
				CODE_SIGN_STYLE = Automatic;
				CURRENT_PROJECT_VERSION = 1;
				DEVELOPMENT_ASSET_PATHS = "\"WeSplitter/Preview Content\"";
				ENABLE_PREVIEWS = YES;
				GENERATE_INFOPLIST_FILE = YES;
				INFOPLIST_KEY_UIApplicationSceneManifest_Generation = YES;
				INFOPLIST_KEY_UIApplicationSupportsIndirectInputEvents = YES;
				INFOPLIST_KEY_UILaunchScreen_Generation = YES;
				INFOPLIST_KEY_UISupportedInterfaceOrientations_iPad = "UIInterfaceOrientationPortrait UIInterfaceOrientationPortraitUpsideDown UIInterfaceOrientationLandscapeLeft UIInterfaceOrientationLandscapeRight";
				INFOPLIST_KEY_UISupportedInterfaceOrientations_iPhone = "UIInterfaceOrientationPortrait UIInterfaceOrientationLandscapeLeft UIInterfaceOrientationLandscapeRight";
				LD_RUNPATH_SEARCH_PATHS = (
					"$(inherited)",
					"@executable_path/Frameworks",
				);
				MARKETING_VERSION = 1.0;
				PRODUCT_BUNDLE_IDENTIFIER = "com.gmail-emanuelfeijo93.WeSplitter";
				PRODUCT_NAME = "$(TARGET_NAME)";
				SWIFT_EMIT_LOC_STRINGS = YES;
				SWIFT_VERSION = 5.0;
				TARGETED_DEVICE_FAMILY = "1,2";
			};
			name = Debug;
		};
		863CF9A22A3B765300B46BFE /* Release */ = {
			isa = XCBuildConfiguration;
			buildSettings = {
				ASSETCATALOG_COMPILER_APPICON_NAME = AppIcon;
				ASSETCATALOG_COMPILER_GLOBAL_ACCENT_COLOR_NAME = AccentColor;
				CODE_SIGN_STYLE = Automatic;
				CURRENT_PROJECT_VERSION = 1;
				DEVELOPMENT_ASSET_PATHS = "\"WeSplitter/Preview Content\"";
				ENABLE_PREVIEWS = YES;
				GENERATE_INFOPLIST_FILE = YES;
				INFOPLIST_KEY_UIApplicationSceneManifest_Generation = YES;
				INFOPLIST_KEY_UIApplicationSupportsIndirectInputEvents = YES;
				INFOPLIST_KEY_UILaunchScreen_Generation = YES;
				INFOPLIST_KEY_UISupportedInterfaceOrientations_iPad = "UIInterfaceOrientationPortrait UIInterfaceOrientationPortraitUpsideDown UIInterfaceOrientationLandscapeLeft UIInterfaceOrientationLandscapeRight";
				INFOPLIST_KEY_UISupportedInterfaceOrientations_iPhone = "UIInterfaceOrientationPortrait UIInterfaceOrientationLandscapeLeft UIInterfaceOrientationLandscapeRight";
				LD_RUNPATH_SEARCH_PATHS = (
					"$(inherited)",
					"@executable_path/Frameworks",
				);
				MARKETING_VERSION = 1.0;
				PRODUCT_BUNDLE_IDENTIFIER = "com.gmail-emanuelfeijo93.WeSplitter";
				PRODUCT_NAME = "$(TARGET_NAME)";
				SWIFT_EMIT_LOC_STRINGS = YES;
				SWIFT_VERSION = 5.0;
				TARGETED_DEVICE_FAMILY = "1,2";
			};
			name = Release;
		};
		863CF9A42A3B765300B46BFE /* Debug */ = {
			isa = XCBuildConfiguration;
			buildSettings = {
				ALWAYS_EMBED_SWIFT_STANDARD_LIBRARIES = YES;
				BUNDLE_LOADER = "$(TEST_HOST)";
				CODE_SIGN_STYLE = Automatic;
				CURRENT_PROJECT_VERSION = 1;
				GENERATE_INFOPLIST_FILE = YES;
				IPHONEOS_DEPLOYMENT_TARGET = 16.4;
				MARKETING_VERSION = 1.0;
				PRODUCT_BUNDLE_IDENTIFIER = "com.gmail-emanuelfeijo93.WeSplitterTests";
				PRODUCT_NAME = "$(TARGET_NAME)";
				SWIFT_EMIT_LOC_STRINGS = NO;
				SWIFT_VERSION = 5.0;
				TARGETED_DEVICE_FAMILY = "1,2";
				TEST_HOST = "$(BUILT_PRODUCTS_DIR)/WeSplitter.app/$(BUNDLE_EXECUTABLE_FOLDER_PATH)/WeSplitter";
			};
			name = Debug;
		};
		863CF9A52A3B765300B46BFE /* Release */ = {
			isa = XCBuildConfiguration;
			buildSettings = {
				ALWAYS_EMBED_SWIFT_STANDARD_LIBRARIES = YES;
				BUNDLE_LOADER = "$(TEST_HOST)";
				CODE_SIGN_STYLE = Automatic;
				CURRENT_PROJECT_VERSION = 1;
				GENERATE_INFOPLIST_FILE = YES;
				IPHONEOS_DEPLOYMENT_TARGET = 16.4;
				MARKETING_VERSION = 1.0;
				PRODUCT_BUNDLE_IDENTIFIER = "com.gmail-emanuelfeijo93.WeSplitterTests";
				PRODUCT_NAME = "$(TARGET_NAME)";
				SWIFT_EMIT_LOC_STRINGS = NO;
				SWIFT_VERSION = 5.0;
				TARGETED_DEVICE_FAMILY = "1,2";
				TEST_HOST = "$(BUILT_PRODUCTS_DIR)/WeSplitter.app/$(BUNDLE_EXECUTABLE_FOLDER_PATH)/WeSplitter";
			};
			name = Release;
		};
		863CF9A72A3B765300B46BFE /* Debug */ = {
			isa = XCBuildConfiguration;
			buildSettings = {
				ALWAYS_EMBED_SWIFT_STANDARD_LIBRARIES = YES;
				CODE_SIGN_STYLE = Automatic;
				CURRENT_PROJECT_VERSION = 1;
				GENERATE_INFOPLIST_FILE = YES;
				MARKETING_VERSION = 1.0;
				PRODUCT_BUNDLE_IDENTIFIER = "com.gmail-emanuelfeijo93.WeSplitterUITests";
				PRODUCT_NAME = "$(TARGET_NAME)";
				SWIFT_EMIT_LOC_STRINGS = NO;
				SWIFT_VERSION = 5.0;
				TARGETED_DEVICE_FAMILY = "1,2";
				TEST_TARGET_NAME = WeSplitter;
			};
			name = Debug;
		};
		863CF9A82A3B765300B46BFE /* Release */ = {
			isa = XCBuildConfiguration;
			buildSettings = {
				ALWAYS_EMBED_SWIFT_STANDARD_LIBRARIES = YES;
				CODE_SIGN_STYLE = Automatic;
				CURRENT_PROJECT_VERSION = 1;
				GENERATE_INFOPLIST_FILE = YES;
				MARKETING_VERSION = 1.0;
				PRODUCT_BUNDLE_IDENTIFIER = "com.gmail-emanuelfeijo93.WeSplitterUITests";
				PRODUCT_NAME = "$(TARGET_NAME)";
				SWIFT_EMIT_LOC_STRINGS = NO;
				SWIFT_VERSION = 5.0;
				TARGETED_DEVICE_FAMILY = "1,2";
				TEST_TARGET_NAME = WeSplitter;
			};
			name = Release;
		};
/* End XCBuildConfiguration section */

/* Begin XCConfigurationList section */
		863CF9772A3B765100B46BFE /* Build configuration list for PBXProject "WeSplitter" */ = {
			isa = XCConfigurationList;
			buildConfigurations = (
				863CF99E2A3B765300B46BFE /* Debug */,
				863CF99F2A3B765300B46BFE /* Release */,
			);
			defaultConfigurationIsVisible = 0;
			defaultConfigurationName = Release;
		};
		863CF9A02A3B765300B46BFE /* Build configuration list for PBXNativeTarget "WeSplitter" */ = {
			isa = XCConfigurationList;
			buildConfigurations = (
				863CF9A12A3B765300B46BFE /* Debug */,
				863CF9A22A3B765300B46BFE /* Release */,
			);
			defaultConfigurationIsVisible = 0;
			defaultConfigurationName = Release;
		};
		863CF9A32A3B765300B46BFE /* Build configuration list for PBXNativeTarget "WeSplitterTests" */ = {
			isa = XCConfigurationList;
			buildConfigurations = (
				863CF9A42A3B765300B46BFE /* Debug */,
				863CF9A52A3B765300B46BFE /* Release */,
			);
			defaultConfigurationIsVisible = 0;
			defaultConfigurationName = Release;
		};
		863CF9A62A3B765300B46BFE /* Build configuration list for PBXNativeTarget "WeSplitterUITests" */ = {
			isa = XCConfigurationList;
			buildConfigurations = (
				863CF9A72A3B765300B46BFE /* Debug */,
				863CF9A82A3B765300B46BFE /* Release */,
			);
			defaultConfigurationIsVisible = 0;
			defaultConfigurationName = Release;
		};
/* End XCConfigurationList section */
	};
	rootObject = 863CF9742A3B765100B46BFE /* Project object */;
}
